cloud.google.com/go v0.113.0 h1:g3C70mn3lWfckKBiCVsAshabrDg01pQ0pnX1MNtnMkA=
cloud.google.com/go v0.113.0/go.mod h1:glEqlogERKYeePz6ZdkcLJ28Q2I6aERgDDErBg9GzO8=
google.golang.org/api v0.181.0 h1:rPdjwnWgiPPOJx3IcSAQ2III5aX5tCer6wMpa/xmZi4=
google.golang.org/api v0.181.0/go.mod h1:MnQ+M0CFsfUwA5beZ+g/vCBCPXvtmZwRz2qzZk8ih1k=
